
Microsoft Visual Studio Solution File, Format Version 12.00
# Visual Studio 14
VisualStudioVersion = 14.0.23107.0
MinimumVisualStudioVersion = 10.0.40219.1
Project("{FAE04EC0-301F-11D3-BF4B-00C04F79EFBC}") = "srayanJana_Var1", "animal_years\srayanJana_Var1.csproj", "{C5C527F4-EB86-4ECB-B6D8-5F4FCCFC1EF1}"
EndProject
Global
	GlobalSection(SolutionConfigurationPlatforms) = preSolution
		Debug|Any CPU = Debug|Any CPU
		Release|Any CPU = Release|Any CPU
	EndGlobalSection
	GlobalSection(ProjectConfigurationPlatforms) = postSolution
		{C5C527F4-EB86-4ECB-B6D8-5F4FCCFC1EF1}.Debug|Any CPU.ActiveCfg = Debug|Any CPU
		{C5C527F4-EB86-4ECB-B6D8-5F4FCCFC1EF1}.Debug|Any CPU.Build.0 = Debug|Any CPU
		{C5C527F4-EB86-4ECB-B6D8-5F4FCCFC1EF1}.Release|Any CPU.ActiveCfg = Release|Any CPU
		{C5C527F4-EB86-4ECB-B6D8-5F4FCCFC1EF1}.Release|Any CPU.Build.0 = Release|Any CPU
	EndGlobalSection
	GlobalSection(SolutionProperties) = preSolution
		HideSolutionNode = FALSE
	EndGlobalSection
EndGlobal
